// !$*UTF8*$!
{
	archiveVersion = 1;
	classes = {
	};
	objectVersion = 46;
	objects = {

/* Begin PBXBuildFile section */
		8DFD2DBA1A31D12F009EE6B4 /* main.m in Sources */ = {isa = PBXBuildFile; fileRef = 8DFD2DB91A31D12F009EE6B4 /* main.m */; };
		8DFD2DBD1A31D12F009EE6B4 /* AppDelegate.m in Sources */ = {isa = PBXBuildFile; fileRef = 8DFD2DBC1A31D12F009EE6B4 /* AppDelegate.m */; };
		8DFD2DC01A31D12F009EE6B4 /* ViewController.m in Sources */ = {isa = PBXBuildFile; fileRef = 8DFD2DBF1A31D12F009EE6B4 /* ViewController.m */; };
		8DFD2DC31A31D12F009EE6B4 /* Main.storyboard in Resources */ = {isa = PBXBuildFile; fileRef = 8DFD2DC11A31D12F009EE6B4 /* Main.storyboard */; };
		8DFD2DC51A31D12F009EE6B4 /* Images.xcassets in Resources */ = {isa = PBXBuildFile; fileRef = 8DFD2DC41A31D12F009EE6B4 /* Images.xcassets */; };
		8DFD2DC81A31D12F009EE6B4 /* LaunchScreen.xib in Resources */ = {isa = PBXBuildFile; fileRef = 8DFD2DC61A31D12F009EE6B4 /* LaunchScreen.xib */; };
		8DFD2DD41A31D12F009EE6B4 /* NetworkingTestTests.m in Sources */ = {isa = PBXBuildFile; fileRef = 8DFD2DD31A31D12F009EE6B4 /* NetworkingTestTests.m */; };
		8DFD2E031A31D56C009EE6B4 /* AFHTTPRequestOperation.m in Sources */ = {isa = PBXBuildFile; fileRef = 8DFD2DDF1A31D56C009EE6B4 /* AFHTTPRequestOperation.m */; };
		8DFD2E041A31D56C009EE6B4 /* AFHTTPRequestOperationManager.m in Sources */ = {isa = PBXBuildFile; fileRef = 8DFD2DE11A31D56C009EE6B4 /* AFHTTPRequestOperationManager.m */; };
		8DFD2E051A31D56C009EE6B4 /* AFHTTPSessionManager.m in Sources */ = {isa = PBXBuildFile; fileRef = 8DFD2DE31A31D56C009EE6B4 /* AFHTTPSessionManager.m */; };
		8DFD2E061A31D56C009EE6B4 /* AFNetworkReachabilityManager.m in Sources */ = {isa = PBXBuildFile; fileRef = 8DFD2DE61A31D56C009EE6B4 /* AFNetworkReachabilityManager.m */; };
		8DFD2E071A31D56C009EE6B4 /* AFSecurityPolicy.m in Sources */ = {isa = PBXBuildFile; fileRef = 8DFD2DE81A31D56C009EE6B4 /* AFSecurityPolicy.m */; };
		8DFD2E081A31D56C009EE6B4 /* AFURLConnectionOperation.m in Sources */ = {isa = PBXBuildFile; fileRef = 8DFD2DEA1A31D56C009EE6B4 /* AFURLConnectionOperation.m */; };
		8DFD2E091A31D56C009EE6B4 /* AFURLRequestSerialization.m in Sources */ = {isa = PBXBuildFile; fileRef = 8DFD2DEC1A31D56C009EE6B4 /* AFURLRequestSerialization.m */; };
		8DFD2E0A1A31D56C009EE6B4 /* AFURLResponseSerialization.m in Sources */ = {isa = PBXBuildFile; fileRef = 8DFD2DEE1A31D56C009EE6B4 /* AFURLResponseSerialization.m */; };
		8DFD2E0B1A31D56C009EE6B4 /* AFURLSessionManager.m in Sources */ = {isa = PBXBuildFile; fileRef = 8DFD2DF01A31D56C009EE6B4 /* AFURLSessionManager.m */; };
		8DFD2E0C1A31D56C009EE6B4 /* AFNetworkActivityIndicatorManager.m in Sources */ = {isa = PBXBuildFile; fileRef = 8DFD2DF31A31D56C009EE6B4 /* AFNetworkActivityIndicatorManager.m */; };
		8DFD2E0D1A31D56C009EE6B4 /* UIActivityIndicatorView+AFNetworking.m in Sources */ = {isa = PBXBuildFile; fileRef = 8DFD2DF51A31D56C009EE6B4 /* UIActivityIndicatorView+AFNetworking.m */; };
		8DFD2E0E1A31D56C009EE6B4 /* UIAlertView+AFNetworking.m in Sources */ = {isa = PBXBuildFile; fileRef = 8DFD2DF71A31D56C009EE6B4 /* UIAlertView+AFNetworking.m */; };
		8DFD2E0F1A31D56C009EE6B4 /* UIButton+AFNetworking.m in Sources */ = {isa = PBXBuildFile; fileRef = 8DFD2DF91A31D56C009EE6B4 /* UIButton+AFNetworking.m */; };
		8DFD2E101A31D56C009EE6B4 /* UIImageView+AFNetworking.m in Sources */ = {isa = PBXBuildFile; fileRef = 8DFD2DFB1A31D56C009EE6B4 /* UIImageView+AFNetworking.m */; };
		8DFD2E111A31D56C009EE6B4 /* UIProgressView+AFNetworking.m in Sources */ = {isa = PBXBuildFile; fileRef = 8DFD2DFE1A31D56C009EE6B4 /* UIProgressView+AFNetworking.m */; };
		8DFD2E121A31D56C009EE6B4 /* UIRefreshControl+AFNetworking.m in Sources */ = {isa = PBXBuildFile; fileRef = 8DFD2E001A31D56C009EE6B4 /* UIRefreshControl+AFNetworking.m */; };
		8DFD2E131A31D56C009EE6B4 /* UIWebView+AFNetworking.m in Sources */ = {isa = PBXBuildFile; fileRef = 8DFD2E021A31D56C009EE6B4 /* UIWebView+AFNetworking.m */; };
/* End PBXBuildFile section */

/* Begin PBXContainerItemProxy section */
		8DFD2DCE1A31D12F009EE6B4 /* PBXContainerItemProxy */ = {
			isa = PBXContainerItemProxy;
			containerPortal = 8DFD2DAC1A31D12F009EE6B4 /* Project object */;
			proxyType = 1;
			remoteGlobalIDString = 8DFD2DB31A31D12F009EE6B4;
			remoteInfo = NetworkingTest;
		};
/* End PBXContainerItemProxy section */

/* Begin PBXFileReference section */
		8DFD2DB41A31D12F009EE6B4 /* NetworkingTest.app */ = {isa = PBXFileReference; explicitFileType = wrapper.application; includeInIndex = 0; path = NetworkingTest.app; sourceTree = BUILT_PRODUCTS_DIR; };
		8DFD2DB81A31D12F009EE6B4 /* Info.plist */ = {isa = PBXFileReference; lastKnownFileType = text.plist.xml; path = Info.plist; sourceTree = "<group>"; };
		8DFD2DB91A31D12F009EE6B4 /* main.m */ = {isa = PBXFileReference; lastKnownFileType = sourcecode.c.objc; path = main.m; sourceTree = "<group>"; };
		8DFD2DBB1A31D12F009EE6B4 /* AppDelegate.h */ = {isa = PBXFileReference; lastKnownFileType = sourcecode.c.h; path = AppDelegate.h; sourceTree = "<group>"; };
		8DFD2DBC1A31D12F009EE6B4 /* AppDelegate.m */ = {isa = PBXFileReference; lastKnownFileType = sourcecode.c.objc; path = AppDelegate.m; sourceTree = "<group>"; };
		8DFD2DBE1A31D12F009EE6B4 /* ViewController.h */ = {isa = PBXFileReference; lastKnownFileType = sourcecode.c.h; path = ViewController.h; sourceTree = "<group>"; };
		8DFD2DBF1A31D12F009EE6B4 /* ViewController.m */ = {isa = PBXFileReference; lastKnownFileType = sourcecode.c.objc; path = ViewController.m; sourceTree = "<group>"; };
		8DFD2DC21A31D12F009EE6B4 /* Base */ = {isa = PBXFileReference; lastKnownFileType = file.storyboard; name = Base; path = Base.lproj/Main.storyboard; sourceTree = "<group>"; };
		8DFD2DC41A31D12F009EE6B4 /* Images.xcassets */ = {isa = PBXFileReference; lastKnownFileType = folder.assetcatalog; path = Images.xcassets; sourceTree = "<group>"; };
		8DFD2DC71A31D12F009EE6B4 /* Base */ = {isa = PBXFileReference; lastKnownFileType = file.xib; name = Base; path = Base.lproj/LaunchScreen.xib; sourceTree = "<group>"; };
		8DFD2DCD1A31D12F009EE6B4 /* NetworkingTestTests.xctest */ = {isa = PBXFileReference; explicitFileType = wrapper.cfbundle; includeInIndex = 0; path = NetworkingTestTests.xctest; sourceTree = BUILT_PRODUCTS_DIR; };
		8DFD2DD21A31D12F009EE6B4 /* Info.plist */ = {isa = PBXFileReference; lastKnownFileType = text.plist.xml; path = Info.plist; sourceTree = "<group>"; };
		8DFD2DD31A31D12F009EE6B4 /* NetworkingTestTests.m */ = {isa = PBXFileReference; lastKnownFileType = sourcecode.c.objc; path = NetworkingTestTests.m; sourceTree = "<group>"; };
		8DFD2DDE1A31D56C009EE6B4 /* AFHTTPRequestOperation.h */ = {isa = PBXFileReference; fileEncoding = 4; lastKnownFileType = sourcecode.c.h; path = AFHTTPRequestOperation.h; sourceTree = "<group>"; };
		8DFD2DDF1A31D56C009EE6B4 /* AFHTTPRequestOperation.m */ = {isa = PBXFileReference; fileEncoding = 4; lastKnownFileType = sourcecode.c.objc; path = AFHTTPRequestOperation.m; sourceTree = "<group>"; };
		8DFD2DE01A31D56C009EE6B4 /* AFHTTPRequestOperationManager.h */ = {isa = PBXFileReference; fileEncoding = 4; lastKnownFileType = sourcecode.c.h; path = AFHTTPRequestOperationManager.h; sourceTree = "<group>"; };
		8DFD2DE11A31D56C009EE6B4 /* AFHTTPRequestOperationManager.m */ = {isa = PBXFileReference; fileEncoding = 4; lastKnownFileType = sourcecode.c.objc; path = AFHTTPRequestOperationManager.m; sourceTree = "<group>"; };
		8DFD2DE21A31D56C009EE6B4 /* AFHTTPSessionManager.h */ = {isa = PBXFileReference; fileEncoding = 4; lastKnownFileType = sourcecode.c.h; path = AFHTTPSessionManager.h; sourceTree = "<group>"; };
		8DFD2DE31A31D56C009EE6B4 /* AFHTTPSessionManager.m */ = {isa = PBXFileReference; fileEncoding = 4; lastKnownFileType = sourcecode.c.objc; path = AFHTTPSessionManager.m; sourceTree = "<group>"; };
		8DFD2DE41A31D56C009EE6B4 /* AFNetworking.h */ = {isa = PBXFileReference; fileEncoding = 4; lastKnownFileType = sourcecode.c.h; path = AFNetworking.h; sourceTree = "<group>"; };
		8DFD2DE51A31D56C009EE6B4 /* AFNetworkReachabilityManager.h */ = {isa = PBXFileReference; fileEncoding = 4; lastKnownFileType = sourcecode.c.h; path = AFNetworkReachabilityManager.h; sourceTree = "<group>"; };
		8DFD2DE61A31D56C009EE6B4 /* AFNetworkReachabilityManager.m */ = {isa = PBXFileReference; fileEncoding = 4; lastKnownFileType = sourcecode.c.objc; path = AFNetworkReachabilityManager.m; sourceTree = "<group>"; };
		8DFD2DE71A31D56C009EE6B4 /* AFSecurityPolicy.h */ = {isa = PBXFileReference; fileEncoding = 4; lastKnownFileType = sourcecode.c.h; path = AFSecurityPolicy.h; sourceTree = "<group>"; };
		8DFD2DE81A31D56C009EE6B4 /* AFSecurityPolicy.m */ = {isa = PBXFileReference; fileEncoding = 4; lastKnownFileType = sourcecode.c.objc; path = AFSecurityPolicy.m; sourceTree = "<group>"; };
		8DFD2DE91A31D56C009EE6B4 /* AFURLConnectionOperation.h */ = {isa = PBXFileReference; fileEncoding = 4; lastKnownFileType = sourcecode.c.h; path = AFURLConnectionOperation.h; sourceTree = "<group>"; };
		8DFD2DEA1A31D56C009EE6B4 /* AFURLConnectionOperation.m */ = {isa = PBXFileReference; fileEncoding = 4; lastKnownFileType = sourcecode.c.objc; path = AFURLConnectionOperation.m; sourceTree = "<group>"; };
		8DFD2DEB1A31D56C009EE6B4 /* AFURLRequestSerialization.h */ = {isa = PBXFileReference; fileEncoding = 4; lastKnownFileType = sourcecode.c.h; path = AFURLRequestSerialization.h; sourceTree = "<group>"; };
		8DFD2DEC1A31D56C009EE6B4 /* AFURLRequestSerialization.m */ = {isa = PBXFileReference; fileEncoding = 4; lastKnownFileType = sourcecode.c.objc; path = AFURLRequestSerialization.m; sourceTree = "<group>"; };
		8DFD2DED1A31D56C009EE6B4 /* AFURLResponseSerialization.h */ = {isa = PBXFileReference; fileEncoding = 4; lastKnownFileType = sourcecode.c.h; path = AFURLResponseSerialization.h; sourceTree = "<group>"; };
		8DFD2DEE1A31D56C009EE6B4 /* AFURLResponseSerialization.m */ = {isa = PBXFileReference; fileEncoding = 4; lastKnownFileType = sourcecode.c.objc; path = AFURLResponseSerialization.m; sourceTree = "<group>"; };
		8DFD2DEF1A31D56C009EE6B4 /* AFURLSessionManager.h */ = {isa = PBXFileReference; fileEncoding = 4; lastKnownFileType = sourcecode.c.h; path = AFURLSessionManager.h; sourceTree = "<group>"; };
		8DFD2DF01A31D56C009EE6B4 /* AFURLSessionManager.m */ = {isa = PBXFileReference; fileEncoding = 4; lastKnownFileType = sourcecode.c.objc; path = AFURLSessionManager.m; sourceTree = "<group>"; };
		8DFD2DF21A31D56C009EE6B4 /* AFNetworkActivityIndicatorManager.h */ = {isa = PBXFileReference; fileEncoding = 4; lastKnownFileType = sourcecode.c.h; path = AFNetworkActivityIndicatorManager.h; sourceTree = "<group>"; };
		8DFD2DF31A31D56C009EE6B4 /* AFNetworkActivityIndicatorManager.m */ = {isa = PBXFileReference; fileEncoding = 4; lastKnownFileType = sourcecode.c.objc; path = AFNetworkActivityIndicatorManager.m; sourceTree = "<group>"; };
		8DFD2DF41A31D56C009EE6B4 /* UIActivityIndicatorView+AFNetworking.h */ = {isa = PBXFileReference; fileEncoding = 4; lastKnownFileType = sourcecode.c.h; path = "UIActivityIndicatorView+AFNetworking.h"; sourceTree = "<group>"; };
		8DFD2DF51A31D56C009EE6B4 /* UIActivityIndicatorView+AFNetworking.m */ = {isa = PBXFileReference; fileEncoding = 4; lastKnownFileType = sourcecode.c.objc; path = "UIActivityIndicatorView+AFNetworking.m"; sourceTree = "<group>"; };
		8DFD2DF61A31D56C009EE6B4 /* UIAlertView+AFNetworking.h */ = {isa = PBXFileReference; fileEncoding = 4; lastKnownFileType = sourcecode.c.h; path = "UIAlertView+AFNetworking.h"; sourceTree = "<group>"; };
		8DFD2DF71A31D56C009EE6B4 /* UIAlertView+AFNetworking.m */ = {isa = PBXFileReference; fileEncoding = 4; lastKnownFileType = sourcecode.c.objc; path = "UIAlertView+AFNetworking.m"; sourceTree = "<group>"; };
		8DFD2DF81A31D56C009EE6B4 /* UIButton+AFNetworking.h */ = {isa = PBXFileReference; fileEncoding = 4; lastKnownFileType = sourcecode.c.h; path = "UIButton+AFNetworking.h"; sourceTree = "<group>"; };
		8DFD2DF91A31D56C009EE6B4 /* UIButton+AFNetworking.m */ = {isa = PBXFileReference; fileEncoding = 4; lastKnownFileType = sourcecode.c.objc; path = "UIButton+AFNetworking.m"; sourceTree = "<group>"; };
		8DFD2DFA1A31D56C009EE6B4 /* UIImageView+AFNetworking.h */ = {isa = PBXFileReference; fileEncoding = 4; lastKnownFileType = sourcecode.c.h; path = "UIImageView+AFNetworking.h"; sourceTree = "<group>"; };
		8DFD2DFB1A31D56C009EE6B4 /* UIImageView+AFNetworking.m */ = {isa = PBXFileReference; fileEncoding = 4; lastKnownFileType = sourcecode.c.objc; path = "UIImageView+AFNetworking.m"; sourceTree = "<group>"; };
		8DFD2DFC1A31D56C009EE6B4 /* UIKit+AFNetworking.h */ = {isa = PBXFileReference; fileEncoding = 4; lastKnownFileType = sourcecode.c.h; path = "UIKit+AFNetworking.h"; sourceTree = "<group>"; };
		8DFD2DFD1A31D56C009EE6B4 /* UIProgressView+AFNetworking.h */ = {isa = PBXFileReference; fileEncoding = 4; lastKnownFileType = sourcecode.c.h; path = "UIProgressView+AFNetworking.h"; sourceTree = "<group>"; };
		8DFD2DFE1A31D56C009EE6B4 /* UIProgressView+AFNetworking.m */ = {isa = PBXFileReference; fileEncoding = 4; lastKnownFileType = sourcecode.c.objc; path = "UIProgressView+AFNetworking.m"; sourceTree = "<group>"; };
		8DFD2DFF1A31D56C009EE6B4 /* UIRefreshControl+AFNetworking.h */ = {isa = PBXFileReference; fileEncoding = 4; lastKnownFileType = sourcecode.c.h; path = "UIRefreshControl+AFNetworking.h"; sourceTree = "<group>"; };
		8DFD2E001A31D56C009EE6B4 /* UIRefreshControl+AFNetworking.m */ = {isa = PBXFileReference; fileEncoding = 4; lastKnownFileType = sourcecode.c.objc; path = "UIRefreshControl+AFNetworking.m"; sourceTree = "<group>"; };
		8DFD2E011A31D56C009EE6B4 /* UIWebView+AFNetworking.h */ = {isa = PBXFileReference; fileEncoding = 4; lastKnownFileType = sourcecode.c.h; path = "UIWebView+AFNetworking.h"; sourceTree = "<group>"; };
		8DFD2E021A31D56C009EE6B4 /* UIWebView+AFNetworking.m */ = {isa = PBXFileReference; fileEncoding = 4; lastKnownFileType = sourcecode.c.objc; path = "UIWebView+AFNetworking.m"; sourceTree = "<group>"; };
/* End PBXFileReference section */

/* Begin PBXFrameworksBuildPhase section */
		8DFD2DB11A31D12F009EE6B4 /* Frameworks */ = {
			isa = PBXFrameworksBuildPhase;
			buildActionMask = 2147483647;
			files = (
			);
			runOnlyForDeploymentPostprocessing = 0;
		};
		8DFD2DCA1A31D12F009EE6B4 /* Frameworks */ = {
			isa = PBXFrameworksBuildPhase;
			buildActionMask = 2147483647;
			files = (
			);
			runOnlyForDeploymentPostprocessing = 0;
		};
/* End PBXFrameworksBuildPhase section */

/* Begin PBXGroup section */
		8DFD2DAB1A31D12F009EE6B4 = {
			isa = PBXGroup;
			children = (
				8DFD2DB61A31D12F009EE6B4 /* NetworkingTest */,
				8DFD2DD01A31D12F009EE6B4 /* NetworkingTestTests */,
				8DFD2DB51A31D12F009EE6B4 /* Products */,
			);
			sourceTree = "<group>";
		};
		8DFD2DB51A31D12F009EE6B4 /* Products */ = {
			isa = PBXGroup;
			children = (
				8DFD2DB41A31D12F009EE6B4 /* NetworkingTest.app */,
				8DFD2DCD1A31D12F009EE6B4 /* NetworkingTestTests.xctest */,
			);
			name = Products;
			sourceTree = "<group>";
		};
		8DFD2DB61A31D12F009EE6B4 /* NetworkingTest */ = {
			isa = PBXGroup;
			children = (
				8DFD2DBB1A31D12F009EE6B4 /* AppDelegate.h */,
				8DFD2DBC1A31D12F009EE6B4 /* AppDelegate.m */,
				8DFD2DBE1A31D12F009EE6B4 /* ViewController.h */,
				8DFD2DBF1A31D12F009EE6B4 /* ViewController.m */,
				8DFD2DC11A31D12F009EE6B4 /* Main.storyboard */,
				8DFD2DC41A31D12F009EE6B4 /* Images.xcassets */,
				8DFD2DC61A31D12F009EE6B4 /* LaunchScreen.xib */,
				8DFD2DDD1A31D56C009EE6B4 /* AFNetworking */,
				8DFD2DF11A31D56C009EE6B4 /* UIKit+AFNetworking */,
				8DFD2DB71A31D12F009EE6B4 /* Supporting Files */,
			);
			path = NetworkingTest;
			sourceTree = "<group>";
		};
		8DFD2DB71A31D12F009EE6B4 /* Supporting Files */ = {
			isa = PBXGroup;
			children = (
				8DFD2DB81A31D12F009EE6B4 /* Info.plist */,
				8DFD2DB91A31D12F009EE6B4 /* main.m */,
			);
			name = "Supporting Files";
			sourceTree = "<group>";
		};
		8DFD2DD01A31D12F009EE6B4 /* NetworkingTestTests */ = {
			isa = PBXGroup;
			children = (
				8DFD2DD31A31D12F009EE6B4 /* NetworkingTestTests.m */,
				8DFD2DD11A31D12F009EE6B4 /* Supporting Files */,
			);
			path = NetworkingTestTests;
			sourceTree = "<group>";
		};
		8DFD2DD11A31D12F009EE6B4 /* Supporting Files */ = {
			isa = PBXGroup;
			children = (
				8DFD2DD21A31D12F009EE6B4 /* Info.plist */,
			);
			name = "Supporting Files";
			sourceTree = "<group>";
		};
		8DFD2DDD1A31D56C009EE6B4 /* AFNetworking */ = {
			isa = PBXGroup;
			children = (
				8DFD2DDE1A31D56C009EE6B4 /* AFHTTPRequestOperation.h */,
				8DFD2DDF1A31D56C009EE6B4 /* AFHTTPRequestOperation.m */,
				8DFD2DE01A31D56C009EE6B4 /* AFHTTPRequestOperationManager.h */,
				8DFD2DE11A31D56C009EE6B4 /* AFHTTPRequestOperationManager.m */,
				8DFD2DE21A31D56C009EE6B4 /* AFHTTPSessionManager.h */,
				8DFD2DE31A31D56C009EE6B4 /* AFHTTPSessionManager.m */,
				8DFD2DE41A31D56C009EE6B4 /* AFNetworking.h */,
				8DFD2DE51A31D56C009EE6B4 /* AFNetworkReachabilityManager.h */,
				8DFD2DE61A31D56C009EE6B4 /* AFNetworkReachabilityManager.m */,
				8DFD2DE71A31D56C009EE6B4 /* AFSecurityPolicy.h */,
				8DFD2DE81A31D56C009EE6B4 /* AFSecurityPolicy.m */,
				8DFD2DE91A31D56C009EE6B4 /* AFURLConnectionOperation.h */,
				8DFD2DEA1A31D56C009EE6B4 /* AFURLConnectionOperation.m */,
				8DFD2DEB1A31D56C009EE6B4 /* AFURLRequestSerialization.h */,
				8DFD2DEC1A31D56C009EE6B4 /* AFURLRequestSerialization.m */,
				8DFD2DED1A31D56C009EE6B4 /* AFURLResponseSerialization.h */,
				8DFD2DEE1A31D56C009EE6B4 /* AFURLResponseSerialization.m */,
				8DFD2DEF1A31D56C009EE6B4 /* AFURLSessionManager.h */,
				8DFD2DF01A31D56C009EE6B4 /* AFURLSessionManager.m */,
			);
			path = AFNetworking;
			sourceTree = "<group>";
		};
		8DFD2DF11A31D56C009EE6B4 /* UIKit+AFNetworking */ = {
			isa = PBXGroup;
			children = (
				8DFD2DF21A31D56C009EE6B4 /* AFNetworkActivityIndicatorManager.h */,
				8DFD2DF31A31D56C009EE6B4 /* AFNetworkActivityIndicatorManager.m */,
				8DFD2DF41A31D56C009EE6B4 /* UIActivityIndicatorView+AFNetworking.h */,
				8DFD2DF51A31D56C009EE6B4 /* UIActivityIndicatorView+AFNetworking.m */,
				8DFD2DF61A31D56C009EE6B4 /* UIAlertView+AFNetworking.h */,
				8DFD2DF71A31D56C009EE6B4 /* UIAlertView+AFNetworking.m */,
				8DFD2DF81A31D56C009EE6B4 /* UIButton+AFNetworking.h */,
				8DFD2DF91A31D56C009EE6B4 /* UIButton+AFNetworking.m */,
				8DFD2DFA1A31D56C009EE6B4 /* UIImageView+AFNetworking.h */,
				8DFD2DFB1A31D56C009EE6B4 /* UIImageView+AFNetworking.m */,
				8DFD2DFC1A31D56C009EE6B4 /* UIKit+AFNetworking.h */,
				8DFD2DFD1A31D56C009EE6B4 /* UIProgressView+AFNetworking.h */,
				8DFD2DFE1A31D56C009EE6B4 /* UIProgressView+AFNetworking.m */,
				8DFD2DFF1A31D56C009EE6B4 /* UIRefreshControl+AFNetworking.h */,
				8DFD2E001A31D56C009EE6B4 /* UIRefreshControl+AFNetworking.m */,
				8DFD2E011A31D56C009EE6B4 /* UIWebView+AFNetworking.h */,
				8DFD2E021A31D56C009EE6B4 /* UIWebView+AFNetworking.m */,
			);
			path = "UIKit+AFNetworking";
			sourceTree = "<group>";
		};
/* End PBXGroup section */

/* Begin PBXNativeTarget section */
		8DFD2DB31A31D12F009EE6B4 /* NetworkingTest */ = {
			isa = PBXNativeTarget;
			buildConfigurationList = 8DFD2DD71A31D12F009EE6B4 /* Build configuration list for PBXNativeTarget "NetworkingTest" */;
			buildPhases = (
				8DFD2DB01A31D12F009EE6B4 /* Sources */,
				8DFD2DB11A31D12F009EE6B4 /* Frameworks */,
				8DFD2DB21A31D12F009EE6B4 /* Resources */,
			);
			buildRules = (
			);
			dependencies = (
			);
			name = NetworkingTest;
			productName = NetworkingTest;
			productReference = 8DFD2DB41A31D12F009EE6B4 /* NetworkingTest.app */;
			productType = "com.apple.product-type.application";
		};
		8DFD2DCC1A31D12F009EE6B4 /* NetworkingTestTests */ = {
			isa = PBXNativeTarget;
			buildConfigurationList = 8DFD2DDA1A31D12F009EE6B4 /* Build configuration list for PBXNativeTarget "NetworkingTestTests" */;
			buildPhases = (
				8DFD2DC91A31D12F009EE6B4 /* Sources */,
				8DFD2DCA1A31D12F009EE6B4 /* Frameworks */,
				8DFD2DCB1A31D12F009EE6B4 /* Resources */,
			);
			buildRules = (
			);
			dependencies = (
				8DFD2DCF1A31D12F009EE6B4 /* PBXTargetDependency */,
			);
			name = NetworkingTestTests;
			productName = NetworkingTestTests;
			productReference = 8DFD2DCD1A31D12F009EE6B4 /* NetworkingTestTests.xctest */;
			productType = "com.apple.product-type.bundle.unit-test";
		};
/* End PBXNativeTarget section */

/* Begin PBXProject section */
		8DFD2DAC1A31D12F009EE6B4 /* Project object */ = {
			isa = PBXProject;
			attributes = {
				LastUpgradeCheck = 0600;
				ORGANIZATIONNAME = Mezzo;
				TargetAttributes = {
					8DFD2DB31A31D12F009EE6B4 = {
						CreatedOnToolsVersion = 6.0.1;
					};
					8DFD2DCC1A31D12F009EE6B4 = {
						CreatedOnToolsVersion = 6.0.1;
						TestTargetID = 8DFD2DB31A31D12F009EE6B4;
					};
				};
			};
			buildConfigurationList = 8DFD2DAF1A31D12F009EE6B4 /* Build configuration list for PBXProject "NetworkingTest" */;
			compatibilityVersion = "Xcode 3.2";
			developmentRegion = English;
			hasScannedForEncodings = 0;
			knownRegions = (
				en,
				Base,
			);
			mainGroup = 8DFD2DAB1A31D12F009EE6B4;
			productRefGroup = 8DFD2DB51A31D12F009EE6B4 /* Products */;
			projectDirPath = "";
			projectRoot = "";
			targets = (
				8DFD2DB31A31D12F009EE6B4 /* NetworkingTest */,
				8DFD2DCC1A31D12F009EE6B4 /* NetworkingTestTests */,
			);
		};
/* End PBXProject section */

/* Begin PBXResourcesBuildPhase section */
		8DFD2DB21A31D12F009EE6B4 /* Resources */ = {
			isa = PBXResourcesBuildPhase;
			buildActionMask = 2147483647;
			files = (
				8DFD2DC31A31D12F009EE6B4 /* Main.storyboard in Resources */,
				8DFD2DC81A31D12F009EE6B4 /* LaunchScreen.xib in Resources */,
				8DFD2DC51A31D12F009EE6B4 /* Images.xcassets in Resources */,
			);
			runOnlyForDeploymentPostprocessing = 0;
		};
		8DFD2DCB1A31D12F009EE6B4 /* Resources */ = {
			isa = PBXResourcesBuildPhase;
			buildActionMask = 2147483647;
			files = (
			);
			runOnlyForDeploymentPostprocessing = 0;
		};
/* End PBXResourcesBuildPhase section */

/* Begin PBXSourcesBuildPhase section */
		8DFD2DB01A31D12F009EE6B4 /* Sources */ = {
			isa = PBXSourcesBuildPhase;
			buildActionMask = 2147483647;
			files = (
				8DFD2E031A31D56C009EE6B4 /* AFHTTPRequestOperation.m in Sources */,
				8DFD2E101A31D56C009EE6B4 /* UIImageView+AFNetworking.m in Sources */,
				8DFD2DC01A31D12F009EE6B4 /* ViewController.m in Sources */,
				8DFD2E041A31D56C009EE6B4 /* AFHTTPRequestOperationManager.m in Sources */,
				8DFD2E111A31D56C009EE6B4 /* UIProgressView+AFNetworking.m in Sources */,
				8DFD2E061A31D56C009EE6B4 /* AFNetworkReachabilityManager.m in Sources */,
				8DFD2E0A1A31D56C009EE6B4 /* AFURLResponseSerialization.m in Sources */,
				8DFD2E081A31D56C009EE6B4 /* AFURLConnectionOperation.m in Sources */,
				8DFD2E0F1A31D56C009EE6B4 /* UIButton+AFNetworking.m in Sources */,
				8DFD2E0D1A31D56C009EE6B4 /* UIActivityIndicatorView+AFNetworking.m in Sources */,
				8DFD2E071A31D56C009EE6B4 /* AFSecurityPolicy.m in Sources */,
				8DFD2E121A31D56C009EE6B4 /* UIRefreshControl+AFNetworking.m in Sources */,
				8DFD2E131A31D56C009EE6B4 /* UIWebView+AFNetworking.m in Sources */,
				8DFD2E051A31D56C009EE6B4 /* AFHTTPSessionManager.m in Sources */,
				8DFD2E0E1A31D56C009EE6B4 /* UIAlertView+AFNetworking.m in Sources */,
				8DFD2E091A31D56C009EE6B4 /* AFURLRequestSerialization.m in Sources */,
				8DFD2E0C1A31D56C009EE6B4 /* AFNetworkActivityIndicatorManager.m in Sources */,
				8DFD2E0B1A31D56C009EE6B4 /* AFURLSessionManager.m in Sources */,
				8DFD2DBD1A31D12F009EE6B4 /* AppDelegate.m in Sources */,
				8DFD2DBA1A31D12F009EE6B4 /* main.m in Sources */,
			);
			runOnlyForDeploymentPostprocessing = 0;
		};
		8DFD2DC91A31D12F009EE6B4 /* Sources */ = {
			isa = PBXSourcesBuildPhase;
			buildActionMask = 2147483647;
			files = (
				8DFD2DD41A31D12F009EE6B4 /* NetworkingTestTests.m in Sources */,
			);
			runOnlyForDeploymentPostprocessing = 0;
		};
/* End PBXSourcesBuildPhase section */

/* Begin PBXTargetDependency section */
		8DFD2DCF1A31D12F009EE6B4 /* PBXTargetDependency */ = {
			isa = PBXTargetDependency;
			target = 8DFD2DB31A31D12F009EE6B4 /* NetworkingTest */;
			targetProxy = 8DFD2DCE1A31D12F009EE6B4 /* PBXContainerItemProxy */;
		};
/* End PBXTargetDependency section */

/* Begin PBXVariantGroup section */
		8DFD2DC11A31D12F009EE6B4 /* Main.storyboard */ = {
			isa = PBXVariantGroup;
			children = (
				8DFD2DC21A31D12F009EE6B4 /* Base */,
			);
			name = Main.storyboard;
			sourceTree = "<group>";
		};
		8DFD2DC61A31D12F009EE6B4 /* LaunchScreen.xib */ = {
			isa = PBXVariantGroup;
			children = (
				8DFD2DC71A31D12F009EE6B4 /* Base */,
			);
			name = LaunchScreen.xib;
			sourceTree = "<group>";
		};
/* End PBXVariantGroup section */

/* Begin XCBuildConfiguration section */
		8DFD2DD51A31D12F009EE6B4 /* Debug */ = {
			isa = XCBuildConfiguration;
			buildSettings = {
				ALWAYS_SEARCH_USER_PATHS = NO;
				CLANG_CXX_LANGUAGE_STANDARD = "gnu++0x";
				CLANG_CXX_LIBRARY = "libc++";
				CLANG_ENABLE_MODULES = YES;
				CLANG_ENABLE_OBJC_ARC = YES;
				CLANG_WARN_BOOL_CONVERSION = YES;
				CLANG_WARN_CONSTANT_CONVERSION = YES;
				CLANG_WARN_DIRECT_OBJC_ISA_USAGE = YES_ERROR;
				CLANG_WARN_EMPTY_BODY = YES;
				CLANG_WARN_ENUM_CONVERSION = YES;
				CLANG_WARN_INT_CONVERSION = YES;
				CLANG_WARN_OBJC_ROOT_CLASS = YES_ERROR;
				CLANG_WARN_UNREACHABLE_CODE = YES;
				CLANG_WARN__DUPLICATE_METHOD_MATCH = YES;
				"CODE_SIGN_IDENTITY[sdk=iphoneos*]" = "iPhone Developer";
				COPY_PHASE_STRIP = NO;
				ENABLE_STRICT_OBJC_MSGSEND = YES;
				GCC_C_LANGUAGE_STANDARD = gnu99;
				GCC_DYNAMIC_NO_PIC = NO;
				GCC_OPTIMIZATION_LEVEL = 0;
				GCC_PREPROCESSOR_DEFINITIONS = (
					"DEBUG=1",
					"$(inherited)",
				);
				GCC_SYMBOLS_PRIVATE_EXTERN = NO;
				GCC_WARN_64_TO_32_BIT_CONVERSION = YES;
				GCC_WARN_ABOUT_RETURN_TYPE = YES_ERROR;
				GCC_WARN_UNDECLARED_SELECTOR = YES;
				GCC_WARN_UNINITIALIZED_AUTOS = YES_AGGRESSIVE;
				GCC_WARN_UNUSED_FUNCTION = YES;
				GCC_WARN_UNUSED_VARIABLE = YES;
				IPHONEOS_DEPLOYMENT_TARGET = 8.0;
				MTL_ENABLE_DEBUG_INFO = YES;
				ONLY_ACTIVE_ARCH = YES;
				SDKROOT = iphoneos;
				TARGETED_DEVICE_FAMILY = "1,2";
			};
			name = Debug;
		};
		8DFD2DD61A31D12F009EE6B4 /* Release */ = {
			isa = XCBuildConfiguration;
			buildSettings = {
				ALWAYS_SEARCH_USER_PATHS = NO;
				CLANG_CXX_LANGUAGE_STANDARD = "gnu++0x";
				CLANG_CXX_LIBRARY = "libc++";
				CLANG_ENABLE_MODULES = YES;
				CLANG_ENABLE_OBJC_ARC = YES;
				CLANG_WARN_BOOL_CONVERSION = YES;
				CLANG_WARN_CONSTANT_CONVERSION = YES;
				CLANG_WARN_DIRECT_OBJC_ISA_USAGE = YES_ERROR;
				CLANG_WARN_EMPTY_BODY = YES;
				CLANG_WARN_ENUM_CONVERSION = YES;
				CLANG_WARN_INT_CONVERSION = YES;
				CLANG_WARN_OBJC_ROOT_CLASS = YES_ERROR;
				CLANG_WARN_UNREACHABLE_CODE = YES;
				CLANG_WARN__DUPLICATE_METHOD_MATCH = YES;
				"CODE_SIGN_IDENTITY[sdk=iphoneos*]" = "iPhone Developer";
				COPY_PHASE_STRIP = YES;
				ENABLE_NS_ASSERTIONS = NO;
				ENABLE_STRICT_OBJC_MSGSEND = YES;
				GCC_C_LANGUAGE_STANDARD = gnu99;
				GCC_WARN_64_TO_32_BIT_CONVERSION = YES;
				GCC_WARN_ABOUT_RETURN_TYPE = YES_ERROR;
				GCC_WARN_UNDECLARED_SELECTOR = YES;
				GCC_WARN_UNINITIALIZED_AUTOS = YES_AGGRESSIVE;
				GCC_WARN_UNUSED_FUNCTION = YES;
				GCC_WARN_UNUSED_VARIABLE = YES;
				IPHONEOS_DEPLOYMENT_TARGET = 8.0;
				MTL_ENABLE_DEBUG_INFO = NO;
				SDKROOT = iphoneos;
				TARGETED_DEVICE_FAMILY = "1,2";
				VALIDATE_PRODUCT = YES;
			};
			name = Release;
		};
		8DFD2DD81A31D12F009EE6B4 /* Debug */ = {
			isa = XCBuildConfiguration;
			buildSettings = {
				ASSETCATALOG_COMPILER_APPICON_NAME = AppIcon;
				INFOPLIST_FILE = NetworkingTest/Info.plist;
				LD_RUNPATH_SEARCH_PATHS = "$(inherited) @executable_path/Frameworks";
				PRODUCT_NAME = "$(TARGET_NAME)";
				TARGETED_DEVICE_FAMILY = 1;
			};
			name = Debug;
		};
		8DFD2DD91A31D12F009EE6B4 /* Release */ = {
			isa = XCBuildConfiguration;
			buildSettings = {
				ASSETCATALOG_COMPILER_APPICON_NAME = AppIcon;
				INFOPLIST_FILE = NetworkingTest/Info.plist;
				LD_RUNPATH_SEARCH_PATHS = "$(inherited) @executable_path/Frameworks";
				PRODUCT_NAME = "$(TARGET_NAME)";
				TARGETED_DEVICE_FAMILY = 1;
			};
			name = Release;
		};
		8DFD2DDB1A31D12F009EE6B4 /* Debug */ = {
			isa = XCBuildConfiguration;
			buildSettings = {
				BUNDLE_LOADER = "$(TEST_HOST)";
				FRAMEWORK_SEARCH_PATHS = (
					"$(SDKROOT)/Developer/Library/Frameworks",
					"$(inherited)",
				);
				GCC_PREPROCESSOR_DEFINITIONS = (
					"DEBUG=1",
					"$(inherited)",
				);
				INFOPLIST_FILE = NetworkingTestTests/Info.plist;
				LD_RUNPATH_SEARCH_PATHS = "$(inherited) @executable_path/Frameworks @loader_path/Frameworks";
				PRODUCT_NAME = "$(TARGET_NAME)";
				TEST_HOST = "$(BUILT_PRODUCTS_DIR)/NetworkingTest.app/NetworkingTest";
			};
			name = Debug;
		};
		8DFD2DDC1A31D12F009EE6B4 /* Release */ = {
			isa = XCBuildConfiguration;
			buildSettings = {
				BUNDLE_LOADER = "$(TEST_HOST)";
				FRAMEWORK_SEARCH_PATHS = (
					"$(SDKROOT)/Developer/Library/Frameworks",
					"$(inherited)",
				);
				INFOPLIST_FILE = NetworkingTestTests/Info.plist;
				LD_RUNPATH_SEARCH_PATHS = "$(inherited) @executable_path/Frameworks @loader_path/Frameworks";
				PRODUCT_NAME = "$(TARGET_NAME)";
				TEST_HOST = "$(BUILT_PRODUCTS_DIR)/NetworkingTest.app/NetworkingTest";
			};
			name = Release;
		};
/* End XCBuildConfiguration section */

/* Begin XCConfigurationList section */
		8DFD2DAF1A31D12F009EE6B4 /* Build configuration list for PBXProject "NetworkingTest" */ = {
			isa = XCConfigurationList;
			buildConfigurations = (
				8DFD2DD51A31D12F009EE6B4 /* Debug */,
				8DFD2DD61A31D12F009EE6B4 /* Release */,
			);
			defaultConfigurationIsVisible = 0;
			defaultConfigurationName = Release;
		};
		8DFD2DD71A31D12F009EE6B4 /* Build configuration list for PBXNativeTarget "NetworkingTest" */ = {
			isa = XCConfigurationList;
			buildConfigurations = (
				8DFD2DD81A31D12F009EE6B4 /* Debug */,
				8DFD2DD91A31D12F009EE6B4 /* Release */,
			);
			defaultConfigurationIsVisible = 0;
		};
		8DFD2DDA1A31D12F009EE6B4 /* Build configuration list for PBXNativeTarget "NetworkingTestTests" */ = {
			isa = XCConfigurationList;
			buildConfigurations = (
				8DFD2DDB1A31D12F009EE6B4 /* Debug */,
				8DFD2DDC1A31D12F009EE6B4 /* Release */,
			);
			defaultConfigurationIsVisible = 0;
		};
/* End XCConfigurationList section */
	};
	rootObject = 8DFD2DAC1A31D12F009EE6B4 /* Project object */;
}
